
Microsoft Visual Studio Solution File, Format Version 12.00
# Visual Studio Version 17
VisualStudioVersion = 17.2.32616.157
MinimumVisualStudioVersion = 10.0.40219.1
Project("{FAE04EC0-301F-11D3-BF4B-00C04F79EFBC}") = "QuanLySinhVien", "QuanLySinhVien\QuanLySinhVien.csproj", "{2D9F80F9-7187-4403-81D5-D9DDA22DA456}"
EndProject
Global
	GlobalSection(SolutionConfigurationPlatforms) = preSolution
		Debug|Any CPU = Debug|Any CPU
		Release|Any CPU = Release|Any CPU
	EndGlobalSection
	GlobalSection(ProjectConfigurationPlatforms) = postSolution
		{2D9F80F9-7187-4403-81D5-D9DDA22DA456}.Debug|Any CPU.ActiveCfg = Debug|Any CPU
		{2D9F80F9-7187-4403-81D5-D9DDA22DA456}.Debug|Any CPU.Build.0 = Debug|Any CPU
		{2D9F80F9-7187-4403-81D5-D9DDA22DA456}.Release|Any CPU.ActiveCfg = Release|Any CPU
		{2D9F80F9-7187-4403-81D5-D9DDA22DA456}.Release|Any CPU.Build.0 = Release|Any CPU
	EndGlobalSection
	GlobalSection(SolutionProperties) = preSolution
		HideSolutionNode = FALSE
	EndGlobalSection
	GlobalSection(ExtensibilityGlobals) = postSolution
		SolutionGuid = {C8791A4F-CCD4-4372-B263-770DDF1F00D3}
	EndGlobalSection
EndGlobal
